{
  "originHash" : "9c6b1366f58b6f3792eb260b99c80d60d5bd846c822ce65469d4e64a0423602f",
  "pins" : [
    {
      "identity" : "logger",
      "kind" : "remoteSourceControl",
      "location" : "https://github.com/tomieq/Logger",
      "state" : {
        "revision" : "2b2ba45ef13ed840ca331dcab94d45386f5b8aa5",
        "version" : "1.0.2"
      }
    },
    {
      "identity" : "swiftextensions",
      "kind" : "remoteSourceControl",
      "location" : "https://github.com/tomieq/SwiftExtensions",
      "state" : {
        "branch" : "master",
        "revision" : "fed1c81a12a4d23cb9f1baecf74a1a22790d1a3e"
      }
    }
  ],
  "version" : 3
}
